PODS:
  - FLAnimatedImage (1.0.12)
  - libPusher (1.6.3):
    - libPusher/Core (= 1.6.3)
  - libPusher/Core (1.6.3):
    - SocketRocket (= 0.5.1)
  - NYTPhotoViewer (2.0.0):
    - NYTPhotoViewer/AnimatedGifSupport (= 2.0.0)
    - NYTPhotoViewer/Core (= 2.0.0)
  - NYTPhotoViewer/AnimatedGifSupport (2.0.0):
    - FLAnimatedImage (~> 1.0.12)
    - NYTPhotoViewer/Core
  - NYTPhotoViewer/Core (2.0.0)
  - SDWebImage (4.1.0):
    - SDWebImage/Core (= 4.1.0)
  - SDWebImage/Core (4.1.0)
  - SocketRocket (0.5.1)
  - TSMarkdownParser (2.1.3)
  - TTTAttributedLabel (2.0.0)

DEPENDENCIES:
  - libPusher (< 2.0.0, >= 1.6.2)
  - NYTPhotoViewer (= 2.0.0)
  - SDWebImage (< 5.0.0, >= 4.0.0)
  - TSMarkdownParser (< 3.0.0, >= 2.0.0)
  - TTTAttributedLabel (< 3.0.0, >= 2.0.0)

SPEC CHECKSUMS:
  FLAnimatedImage: 4a0b56255d9b05f18b6dd7ee06871be5d3b89e31
  libPusher: b7fcf16e2db51c37915613652311d66065743ead
  NYTPhotoViewer: 34b8bd6bcc297466adec1668f9a01249d73c90e6
  SDWebImage: 0e435c14e402a6730315a0fb79f95e68654d55a4
  SocketRocket: d57c7159b83c3c6655745cd15302aa24b6bae531
  TSMarkdownParser: 114779f14d46e7fc6d9880d4797e5abcc01f92c3
  TTTAttributedLabel: 8cffe8e127e4e82ff3af1e5386d4cd0ad000b656

PODFILE CHECKSUM: b429c5c835b1f440cbb5f035a69fc0c33f9b0626

COCOAPODS: 1.4.0
