// !$*UTF8*$!
{
	archiveVersion = 1;
	classes = {
	};
	objectVersion = 46;
	objects = {

/* Begin PBXBuildFile section */
		62DF0B531F0AD5BC008557F5 /* KustomerInputBarView.h in Headers */ = {isa = PBXBuildFile; fileRef = 62DF0B511F0AD5BC008557F5 /* KustomerInputBarView.h */; };
		62DF0B541F0AD5BC008557F5 /* KustomerInputBarView.m in Sources */ = {isa = PBXBuildFile; fileRef = 62DF0B521F0AD5BC008557F5 /* KustomerInputBarView.m */; };
		6334BE2A1F0C3E8600258DAF /* KUSModel.h in Headers */ = {isa = PBXBuildFile; fileRef = 6334BE281F0C3E8600258DAF /* KUSModel.h */; };
		6334BE2B1F0C3E8600258DAF /* KUSModel.m in Sources */ = {isa = PBXBuildFile; fileRef = 6334BE291F0C3E8600258DAF /* KUSModel.m */; };
		6334BE2E1F0C43BE00258DAF /* KUSTrackingToken.h in Headers */ = {isa = PBXBuildFile; fileRef = 6334BE2C1F0C43BE00258DAF /* KUSTrackingToken.h */; };
		6334BE2F1F0C43BE00258DAF /* KUSTrackingToken.m in Sources */ = {isa = PBXBuildFile; fileRef = 6334BE2D1F0C43BE00258DAF /* KUSTrackingToken.m */; };
		6334BE321F0C487400258DAF /* KUSChatSettings.h in Headers */ = {isa = PBXBuildFile; fileRef = 6334BE301F0C487300258DAF /* KUSChatSettings.h */; };
		6334BE331F0C487400258DAF /* KUSChatSettings.m in Sources */ = {isa = PBXBuildFile; fileRef = 6334BE311F0C487400258DAF /* KUSChatSettings.m */; };
		6334BE361F0C4A1300258DAF /* KUSChatSession.h in Headers */ = {isa = PBXBuildFile; fileRef = 6334BE341F0C4A1300258DAF /* KUSChatSession.h */; };
		6334BE371F0C4A1300258DAF /* KUSChatSession.m in Sources */ = {isa = PBXBuildFile; fileRef = 6334BE351F0C4A1300258DAF /* KUSChatSession.m */; };
		6334BE3A1F0C4B3D00258DAF /* KUSChatMessage.h in Headers */ = {isa = PBXBuildFile; fileRef = 6334BE381F0C4B3D00258DAF /* KUSChatMessage.h */; };
		6334BE3B1F0C4B3D00258DAF /* KUSChatMessage.m in Sources */ = {isa = PBXBuildFile; fileRef = 6334BE391F0C4B3D00258DAF /* KUSChatMessage.m */; };
		6334BE3E1F0C4EBE00258DAF /* KUSCustomer.h in Headers */ = {isa = PBXBuildFile; fileRef = 6334BE3C1F0C4EBE00258DAF /* KUSCustomer.h */; };
		6334BE3F1F0C4EBE00258DAF /* KUSCustomer.m in Sources */ = {isa = PBXBuildFile; fileRef = 6334BE3D1F0C4EBE00258DAF /* KUSCustomer.m */; };
		6334BE451F0C52D700258DAF /* KUSAPIClient.h in Headers */ = {isa = PBXBuildFile; fileRef = 6334BE431F0C52D700258DAF /* KUSAPIClient.h */; };
		6334BE461F0C52D700258DAF /* KUSAPIClient.m in Sources */ = {isa = PBXBuildFile; fileRef = 6334BE441F0C52D700258DAF /* KUSAPIClient.m */; };
		6334BE491F0C5E3F00258DAF /* KUSNavigationController.h in Headers */ = {isa = PBXBuildFile; fileRef = 6334BE471F0C5E3F00258DAF /* KUSNavigationController.h */; };
		6334BE4A1F0C5E3F00258DAF /* KUSNavigationController.m in Sources */ = {isa = PBXBuildFile; fileRef = 6334BE481F0C5E3F00258DAF /* KUSNavigationController.m */; };
		6334BE4D1F0C600F00258DAF /* KUSAttributionToolbar.h in Headers */ = {isa = PBXBuildFile; fileRef = 6334BE4B1F0C600F00258DAF /* KUSAttributionToolbar.h */; };
		6334BE4E1F0C600F00258DAF /* KUSAttributionToolbar.m in Sources */ = {isa = PBXBuildFile; fileRef = 6334BE4C1F0C600F00258DAF /* KUSAttributionToolbar.m */; };
		6334BE541F0C66E200258DAF /* KUSImage.h in Headers */ = {isa = PBXBuildFile; fileRef = 6334BE521F0C66E200258DAF /* KUSImage.h */; };
		6334BE551F0C66E200258DAF /* KUSImage.m in Sources */ = {isa = PBXBuildFile; fileRef = 6334BE531F0C66E200258DAF /* KUSImage.m */; };
		6334BE5C1F0C783200258DAF /* KUSAvatarTitleView.h in Headers */ = {isa = PBXBuildFile; fileRef = 6334BE5A1F0C783200258DAF /* KUSAvatarTitleView.h */; };
		6334BE5D1F0C783200258DAF /* KUSAvatarTitleView.m in Sources */ = {isa = PBXBuildFile; fileRef = 6334BE5B1F0C783200258DAF /* KUSAvatarTitleView.m */; };
		6334BE601F0C9B5100258DAF /* KUSPaginatedResponse.h in Headers */ = {isa = PBXBuildFile; fileRef = 6334BE5E1F0C9B5100258DAF /* KUSPaginatedResponse.h */; };
		6334BE611F0C9B5100258DAF /* KUSPaginatedResponse.m in Sources */ = {isa = PBXBuildFile; fileRef = 6334BE5F1F0C9B5100258DAF /* KUSPaginatedResponse.m */; };
		636531A11F1BBA7C00433A50 /* KUSSessionsViewController.h in Headers */ = {isa = PBXBuildFile; fileRef = 6365319F1F1BBA7C00433A50 /* KUSSessionsViewController.h */; };
		636531A21F1BBA7C00433A50 /* KUSSessionsViewController.m in Sources */ = {isa = PBXBuildFile; fileRef = 636531A01F1BBA7C00433A50 /* KUSSessionsViewController.m */; };
		636531A51F1BBAA100433A50 /* KustomerViewController.h in Headers */ = {isa = PBXBuildFile; fileRef = 636531A31F1BBAA100433A50 /* KustomerViewController.h */; };
		636531A61F1BBAA100433A50 /* KustomerViewController.m in Sources */ = {isa = PBXBuildFile; fileRef = 636531A41F1BBAA100433A50 /* KustomerViewController.m */; };
		636531A91F1BBCCD00433A50 /* KUSChatViewController.h in Headers */ = {isa = PBXBuildFile; fileRef = 636531A71F1BBCCD00433A50 /* KUSChatViewController.h */; };
		636531AA1F1BBCCD00433A50 /* KUSChatViewController.m in Sources */ = {isa = PBXBuildFile; fileRef = 636531A81F1BBCCD00433A50 /* KUSChatViewController.m */; };
		636531AE1F1C4B9700433A50 /* kustomer_team_icon@2x.png in Resources */ = {isa = PBXBuildFile; fileRef = 636531AC1F1C4B9700433A50 /* kustomer_team_icon@2x.png */; };
		636531AF1F1C4B9700433A50 /* kusty@2x.png in Resources */ = {isa = PBXBuildFile; fileRef = 636531AD1F1C4B9700433A50 /* kusty@2x.png */; };
		636531B21F1C593D00433A50 /* KUSChatMessageTableViewCell.h in Headers */ = {isa = PBXBuildFile; fileRef = 636531B01F1C593D00433A50 /* KUSChatMessageTableViewCell.h */; };
		636531B31F1C593D00433A50 /* KUSChatMessageTableViewCell.m in Sources */ = {isa = PBXBuildFile; fileRef = 636531B11F1C593D00433A50 /* KUSChatMessageTableViewCell.m */; };
		63A4EDD71F097D8F00EA3852 /* Kustomer_Private.h in Headers */ = {isa = PBXBuildFile; fileRef = 63A4EDD61F097D8F00EA3852 /* Kustomer_Private.h */; };
		63A4EDEA1F0A96F000EA3852 /* KustomerSessionTableViewCell.h in Headers */ = {isa = PBXBuildFile; fileRef = 63A4EDE81F0A96F000EA3852 /* KustomerSessionTableViewCell.h */; };
		63A4EDEB1F0A96F000EA3852 /* KustomerSessionTableViewCell.m in Sources */ = {isa = PBXBuildFile; fileRef = 63A4EDE91F0A96F000EA3852 /* KustomerSessionTableViewCell.m */; };
		63A4EDEE1F0AAA1500EA3852 /* KustomerPlaceholderTableViewCell.h in Headers */ = {isa = PBXBuildFile; fileRef = 63A4EDEC1F0AAA1500EA3852 /* KustomerPlaceholderTableViewCell.h */; };
		63A4EDEF1F0AAA1500EA3852 /* KustomerPlaceholderTableViewCell.m in Sources */ = {isa = PBXBuildFile; fileRef = 63A4EDED1F0AAA1500EA3852 /* KustomerPlaceholderTableViewCell.m */; };
		63B9CD9B1F088E8800120F3E /* Kustomer.framework in Frameworks */ = {isa = PBXBuildFile; fileRef = 63B9CD911F088E8800120F3E /* Kustomer.framework */; };
		63B9CDA01F088E8800120F3E /* KustomerTests.m in Sources */ = {isa = PBXBuildFile; fileRef = 63B9CD9F1F088E8800120F3E /* KustomerTests.m */; };
		63B9CDB21F0890B400120F3E /* Kustomer.h in Headers */ = {isa = PBXBuildFile; fileRef = 63B9CDB01F0890B400120F3E /* Kustomer.h */; };
		63B9CDB31F0890B400120F3E /* Kustomer.m in Sources */ = {isa = PBXBuildFile; fileRef = 63B9CDB11F0890B400120F3E /* Kustomer.m */; };
		63B9CDBC1F089BF000120F3E /* main.m in Sources */ = {isa = PBXBuildFile; fileRef = 63B9CDBB1F089BF000120F3E /* main.m */; };
		63B9CDBF1F089BF000120F3E /* AppDelegate.m in Sources */ = {isa = PBXBuildFile; fileRef = 63B9CDBE1F089BF000120F3E /* AppDelegate.m */; };
		63B9CDC21F089BF000120F3E /* ViewController.m in Sources */ = {isa = PBXBuildFile; fileRef = 63B9CDC11F089BF000120F3E /* ViewController.m */; };
		63B9CDC71F089BF000120F3E /* Assets.xcassets in Resources */ = {isa = PBXBuildFile; fileRef = 63B9CDC61F089BF000120F3E /* Assets.xcassets */; };
		63B9CDCA1F089BF000120F3E /* LaunchScreen.storyboard in Resources */ = {isa = PBXBuildFile; fileRef = 63B9CDC81F089BF000120F3E /* LaunchScreen.storyboard */; };
		63B9CDDE1F095AA200120F3E /* Kustomer.framework in Frameworks */ = {isa = PBXBuildFile; fileRef = 63B9CD911F088E8800120F3E /* Kustomer.framework */; };
		63B9CDDF1F095AA200120F3E /* Kustomer.framework in Embed Frameworks */ = {isa = PBXBuildFile; fileRef = 63B9CD911F088E8800120F3E /* Kustomer.framework */; settings = {ATTRIBUTES = (CodeSignOnCopy, RemoveHeadersOnCopy, ); }; };
		6D7CDE24CE12E0916484305C /* Pods_Kustomer.framework in Frameworks */ = {isa = PBXBuildFile; fileRef = 4074C2A1E9213757162ED660 /* Pods_Kustomer.framework */; };
		7C3913946A295179BE2E925B /* Pods_KustomerTests.framework in Frameworks */ = {isa = PBXBuildFile; fileRef = D624913E5C7AD4492EF0D39B /* Pods_KustomerTests.framework */; };
		FC5BDC34DC026F04AE056627 /* Pods_KustomerExample.framework in Frameworks */ = {isa = PBXBuildFile; fileRef = 6BBA02B9E3111B375725C25D /* Pods_KustomerExample.framework */; };
/* End PBXBuildFile section */

/* Begin PBXContainerItemProxy section */
		63B9CD9C1F088E8800120F3E /* PBXContainerItemProxy */ = {
			isa = PBXContainerItemProxy;
			containerPortal = 63B9CD881F088E8800120F3E /* Project object */;
			proxyType = 1;
			remoteGlobalIDString = 63B9CD901F088E8800120F3E;
			remoteInfo = Kustomer;
		};
		63B9CDE01F095AA200120F3E /* PBXContainerItemProxy */ = {
			isa = PBXContainerItemProxy;
			containerPortal = 63B9CD881F088E8800120F3E /* Project object */;
			proxyType = 1;
			remoteGlobalIDString = 63B9CD901F088E8800120F3E;
			remoteInfo = Kustomer;
		};
/* End PBXContainerItemProxy section */

/* Begin PBXCopyFilesBuildPhase section */
		63B9CDE21F095AA200120F3E /* Embed Frameworks */ = {
			isa = PBXCopyFilesBuildPhase;
			buildActionMask = 2147483647;
			dstPath = "";
			dstSubfolderSpec = 10;
			files = (
				63B9CDDF1F095AA200120F3E /* Kustomer.framework in Embed Frameworks */,
			);
			name = "Embed Frameworks";
			runOnlyForDeploymentPostprocessing = 0;
		};
/* End PBXCopyFilesBuildPhase section */

/* Begin PBXFileReference section */
		19AB306DD5AA4895D0C92102 /* Pods-Kustomer.debug.xcconfig */ = {isa = PBXFileReference; includeInIndex = 1; lastKnownFileType = text.xcconfig; name = "Pods-Kustomer.debug.xcconfig"; path = "Pods/Target Support Files/Pods-Kustomer/Pods-Kustomer.debug.xcconfig"; sourceTree = "<group>"; };
		4074C2A1E9213757162ED660 /* Pods_Kustomer.framework */ = {isa = PBXFileReference; explicitFileType = wrapper.framework; includeInIndex = 0; path = Pods_Kustomer.framework; sourceTree = BUILT_PRODUCTS_DIR; };
		448086DB570B5537AB2DFA4E /* Pods-KustomerExample.release.xcconfig */ = {isa = PBXFileReference; includeInIndex = 1; lastKnownFileType = text.xcconfig; name = "Pods-KustomerExample.release.xcconfig"; path = "Pods/Target Support Files/Pods-KustomerExample/Pods-KustomerExample.release.xcconfig"; sourceTree = "<group>"; };
		479720192A1054576AB58BBA /* Pods-KustomerExample.debug.xcconfig */ = {isa = PBXFileReference; includeInIndex = 1; lastKnownFileType = text.xcconfig; name = "Pods-KustomerExample.debug.xcconfig"; path = "Pods/Target Support Files/Pods-KustomerExample/Pods-KustomerExample.debug.xcconfig"; sourceTree = "<group>"; };
		62DF0B511F0AD5BC008557F5 /* KustomerInputBarView.h */ = {isa = PBXFileReference; fileEncoding = 4; lastKnownFileType = sourcecode.c.h; path = KustomerInputBarView.h; sourceTree = "<group>"; };
		62DF0B521F0AD5BC008557F5 /* KustomerInputBarView.m */ = {isa = PBXFileReference; fileEncoding = 4; lastKnownFileType = sourcecode.c.objc; path = KustomerInputBarView.m; sourceTree = "<group>"; };
		6334BE281F0C3E8600258DAF /* KUSModel.h */ = {isa = PBXFileReference; fileEncoding = 4; lastKnownFileType = sourcecode.c.h; path = KUSModel.h; sourceTree = "<group>"; };
		6334BE291F0C3E8600258DAF /* KUSModel.m */ = {isa = PBXFileReference; fileEncoding = 4; lastKnownFileType = sourcecode.c.objc; path = KUSModel.m; sourceTree = "<group>"; };
		6334BE2C1F0C43BE00258DAF /* KUSTrackingToken.h */ = {isa = PBXFileReference; fileEncoding = 4; lastKnownFileType = sourcecode.c.h; path = KUSTrackingToken.h; sourceTree = "<group>"; };
		6334BE2D1F0C43BE00258DAF /* KUSTrackingToken.m */ = {isa = PBXFileReference; fileEncoding = 4; lastKnownFileType = sourcecode.c.objc; path = KUSTrackingToken.m; sourceTree = "<group>"; };
		6334BE301F0C487300258DAF /* KUSChatSettings.h */ = {isa = PBXFileReference; fileEncoding = 4; lastKnownFileType = sourcecode.c.h; path = KUSChatSettings.h; sourceTree = "<group>"; };
		6334BE311F0C487400258DAF /* KUSChatSettings.m */ = {isa = PBXFileReference; fileEncoding = 4; lastKnownFileType = sourcecode.c.objc; path = KUSChatSettings.m; sourceTree = "<group>"; };
		6334BE341F0C4A1300258DAF /* KUSChatSession.h */ = {isa = PBXFileReference; fileEncoding = 4; lastKnownFileType = sourcecode.c.h; path = KUSChatSession.h; sourceTree = "<group>"; };
		6334BE351F0C4A1300258DAF /* KUSChatSession.m */ = {isa = PBXFileReference; fileEncoding = 4; lastKnownFileType = sourcecode.c.objc; path = KUSChatSession.m; sourceTree = "<group>"; };
		6334BE381F0C4B3D00258DAF /* KUSChatMessage.h */ = {isa = PBXFileReference; fileEncoding = 4; lastKnownFileType = sourcecode.c.h; path = KUSChatMessage.h; sourceTree = "<group>"; };
		6334BE391F0C4B3D00258DAF /* KUSChatMessage.m */ = {isa = PBXFileReference; fileEncoding = 4; lastKnownFileType = sourcecode.c.objc; path = KUSChatMessage.m; sourceTree = "<group>"; };
		6334BE3C1F0C4EBE00258DAF /* KUSCustomer.h */ = {isa = PBXFileReference; fileEncoding = 4; lastKnownFileType = sourcecode.c.h; path = KUSCustomer.h; sourceTree = "<group>"; };
		6334BE3D1F0C4EBE00258DAF /* KUSCustomer.m */ = {isa = PBXFileReference; fileEncoding = 4; lastKnownFileType = sourcecode.c.objc; path = KUSCustomer.m; sourceTree = "<group>"; };
		6334BE431F0C52D700258DAF /* KUSAPIClient.h */ = {isa = PBXFileReference; fileEncoding = 4; lastKnownFileType = sourcecode.c.h; path = KUSAPIClient.h; sourceTree = "<group>"; };
		6334BE441F0C52D700258DAF /* KUSAPIClient.m */ = {isa = PBXFileReference; fileEncoding = 4; lastKnownFileType = sourcecode.c.objc; path = KUSAPIClient.m; sourceTree = "<group>"; };
		6334BE471F0C5E3F00258DAF /* KUSNavigationController.h */ = {isa = PBXFileReference; fileEncoding = 4; lastKnownFileType = sourcecode.c.h; path = KUSNavigationController.h; sourceTree = "<group>"; };
		6334BE481F0C5E3F00258DAF /* KUSNavigationController.m */ = {isa = PBXFileReference; fileEncoding = 4; lastKnownFileType = sourcecode.c.objc; path = KUSNavigationController.m; sourceTree = "<group>"; };
		6334BE4B1F0C600F00258DAF /* KUSAttributionToolbar.h */ = {isa = PBXFileReference; fileEncoding = 4; lastKnownFileType = sourcecode.c.h; path = KUSAttributionToolbar.h; sourceTree = "<group>"; };
		6334BE4C1F0C600F00258DAF /* KUSAttributionToolbar.m */ = {isa = PBXFileReference; fileEncoding = 4; lastKnownFileType = sourcecode.c.objc; path = KUSAttributionToolbar.m; sourceTree = "<group>"; };
		6334BE521F0C66E200258DAF /* KUSImage.h */ = {isa = PBXFileReference; fileEncoding = 4; lastKnownFileType = sourcecode.c.h; path = KUSImage.h; sourceTree = "<group>"; };
		6334BE531F0C66E200258DAF /* KUSImage.m */ = {isa = PBXFileReference; fileEncoding = 4; lastKnownFileType = sourcecode.c.objc; path = KUSImage.m; sourceTree = "<group>"; };
		6334BE5A1F0C783200258DAF /* KUSAvatarTitleView.h */ = {isa = PBXFileReference; fileEncoding = 4; lastKnownFileType = sourcecode.c.h; path = KUSAvatarTitleView.h; sourceTree = "<group>"; };
		6334BE5B1F0C783200258DAF /* KUSAvatarTitleView.m */ = {isa = PBXFileReference; fileEncoding = 4; lastKnownFileType = sourcecode.c.objc; path = KUSAvatarTitleView.m; sourceTree = "<group>"; };
		6334BE5E1F0C9B5100258DAF /* KUSPaginatedResponse.h */ = {isa = PBXFileReference; fileEncoding = 4; lastKnownFileType = sourcecode.c.h; path = KUSPaginatedResponse.h; sourceTree = "<group>"; };
		6334BE5F1F0C9B5100258DAF /* KUSPaginatedResponse.m */ = {isa = PBXFileReference; fileEncoding = 4; lastKnownFileType = sourcecode.c.objc; path = KUSPaginatedResponse.m; sourceTree = "<group>"; };
		6365319F1F1BBA7C00433A50 /* KUSSessionsViewController.h */ = {isa = PBXFileReference; fileEncoding = 4; lastKnownFileType = sourcecode.c.h; path = KUSSessionsViewController.h; sourceTree = "<group>"; };
		636531A01F1BBA7C00433A50 /* KUSSessionsViewController.m */ = {isa = PBXFileReference; fileEncoding = 4; lastKnownFileType = sourcecode.c.objc; path = KUSSessionsViewController.m; sourceTree = "<group>"; };
		636531A31F1BBAA100433A50 /* KustomerViewController.h */ = {isa = PBXFileReference; fileEncoding = 4; lastKnownFileType = sourcecode.c.h; path = KustomerViewController.h; sourceTree = "<group>"; };
		636531A41F1BBAA100433A50 /* KustomerViewController.m */ = {isa = PBXFileReference; fileEncoding = 4; lastKnownFileType = sourcecode.c.objc; path = KustomerViewController.m; sourceTree = "<group>"; };
		636531A71F1BBCCD00433A50 /* KUSChatViewController.h */ = {isa = PBXFileReference; fileEncoding = 4; lastKnownFileType = sourcecode.c.h; path = KUSChatViewController.h; sourceTree = "<group>"; };
		636531A81F1BBCCD00433A50 /* KUSChatViewController.m */ = {isa = PBXFileReference; fileEncoding = 4; lastKnownFileType = sourcecode.c.objc; path = KUSChatViewController.m; sourceTree = "<group>"; };
		636531AC1F1C4B9700433A50 /* kustomer_team_icon@2x.png */ = {isa = PBXFileReference; lastKnownFileType = image.png; path = "kustomer_team_icon@2x.png"; sourceTree = "<group>"; };
		636531AD1F1C4B9700433A50 /* kusty@2x.png */ = {isa = PBXFileReference; lastKnownFileType = image.png; path = "kusty@2x.png"; sourceTree = "<group>"; };
		636531B01F1C593D00433A50 /* KUSChatMessageTableViewCell.h */ = {isa = PBXFileReference; fileEncoding = 4; lastKnownFileType = sourcecode.c.h; path = KUSChatMessageTableViewCell.h; sourceTree = "<group>"; };
		636531B11F1C593D00433A50 /* KUSChatMessageTableViewCell.m */ = {isa = PBXFileReference; fileEncoding = 4; lastKnownFileType = sourcecode.c.objc; path = KUSChatMessageTableViewCell.m; sourceTree = "<group>"; };
		63A4EDD61F097D8F00EA3852 /* Kustomer_Private.h */ = {isa = PBXFileReference; fileEncoding = 4; lastKnownFileType = sourcecode.c.h; path = Kustomer_Private.h; sourceTree = "<group>"; };
		63A4EDE81F0A96F000EA3852 /* KustomerSessionTableViewCell.h */ = {isa = PBXFileReference; fileEncoding = 4; lastKnownFileType = sourcecode.c.h; path = KustomerSessionTableViewCell.h; sourceTree = "<group>"; };
		63A4EDE91F0A96F000EA3852 /* KustomerSessionTableViewCell.m */ = {isa = PBXFileReference; fileEncoding = 4; lastKnownFileType = sourcecode.c.objc; path = KustomerSessionTableViewCell.m; sourceTree = "<group>"; };
		63A4EDEC1F0AAA1500EA3852 /* KustomerPlaceholderTableViewCell.h */ = {isa = PBXFileReference; fileEncoding = 4; lastKnownFileType = sourcecode.c.h; path = KustomerPlaceholderTableViewCell.h; sourceTree = "<group>"; };
		63A4EDED1F0AAA1500EA3852 /* KustomerPlaceholderTableViewCell.m */ = {isa = PBXFileReference; fileEncoding = 4; lastKnownFileType = sourcecode.c.objc; path = KustomerPlaceholderTableViewCell.m; sourceTree = "<group>"; };
		63B9CD911F088E8800120F3E /* Kustomer.framework */ = {isa = PBXFileReference; explicitFileType = wrapper.framework; includeInIndex = 0; path = Kustomer.framework; sourceTree = BUILT_PRODUCTS_DIR; };
		63B9CD9A1F088E8800120F3E /* KustomerTests.xctest */ = {isa = PBXFileReference; explicitFileType = wrapper.cfbundle; includeInIndex = 0; path = KustomerTests.xctest; sourceTree = BUILT_PRODUCTS_DIR; };
		63B9CD9F1F088E8800120F3E /* KustomerTests.m */ = {isa = PBXFileReference; lastKnownFileType = sourcecode.c.objc; path = KustomerTests.m; sourceTree = "<group>"; };
		63B9CDA11F088E8800120F3E /* Info.plist */ = {isa = PBXFileReference; lastKnownFileType = text.plist.xml; path = Info.plist; sourceTree = "<group>"; };
		63B9CDAC1F08907700120F3E /* Info.plist */ = {isa = PBXFileReference; fileEncoding = 4; lastKnownFileType = text.plist.xml; path = Info.plist; sourceTree = "<group>"; };
		63B9CDB01F0890B400120F3E /* Kustomer.h */ = {isa = PBXFileReference; fileEncoding = 4; lastKnownFileType = sourcecode.c.h; path = Kustomer.h; sourceTree = "<group>"; };
		63B9CDB11F0890B400120F3E /* Kustomer.m */ = {isa = PBXFileReference; fileEncoding = 4; lastKnownFileType = sourcecode.c.objc; path = Kustomer.m; sourceTree = "<group>"; };
		63B9CDB81F089BF000120F3E /* KustomerExample.app */ = {isa = PBXFileReference; explicitFileType = wrapper.application; includeInIndex = 0; path = KustomerExample.app; sourceTree = BUILT_PRODUCTS_DIR; };
		63B9CDBB1F089BF000120F3E /* main.m */ = {isa = PBXFileReference; lastKnownFileType = sourcecode.c.objc; path = main.m; sourceTree = "<group>"; };
		63B9CDBD1F089BF000120F3E /* AppDelegate.h */ = {isa = PBXFileReference; lastKnownFileType = sourcecode.c.h; path = AppDelegate.h; sourceTree = "<group>"; };
		63B9CDBE1F089BF000120F3E /* AppDelegate.m */ = {isa = PBXFileReference; lastKnownFileType = sourcecode.c.objc; path = AppDelegate.m; sourceTree = "<group>"; };
		63B9CDC01F089BF000120F3E /* ViewController.h */ = {isa = PBXFileReference; lastKnownFileType = sourcecode.c.h; path = ViewController.h; sourceTree = "<group>"; };
		63B9CDC11F089BF000120F3E /* ViewController.m */ = {isa = PBXFileReference; lastKnownFileType = sourcecode.c.objc; path = ViewController.m; sourceTree = "<group>"; };
		63B9CDC61F089BF000120F3E /* Assets.xcassets */ = {isa = PBXFileReference; lastKnownFileType = folder.assetcatalog; path = Assets.xcassets; sourceTree = "<group>"; };
		63B9CDC91F089BF000120F3E /* Base */ = {isa = PBXFileReference; lastKnownFileType = file.storyboard; name = Base; path = Base.lproj/LaunchScreen.storyboard; sourceTree = "<group>"; };
		63B9CDCB1F089BF000120F3E /* Info.plist */ = {isa = PBXFileReference; lastKnownFileType = text.plist.xml; path = Info.plist; sourceTree = "<group>"; };
		6BBA02B9E3111B375725C25D /* Pods_KustomerExample.framework */ = {isa = PBXFileReference; explicitFileType = wrapper.framework; includeInIndex = 0; path = Pods_KustomerExample.framework; sourceTree = BUILT_PRODUCTS_DIR; };
		6F91D0EF26D550F6FA48F5E6 /* Pods-Kustomer.release.xcconfig */ = {isa = PBXFileReference; includeInIndex = 1; lastKnownFileType = text.xcconfig; name = "Pods-Kustomer.release.xcconfig"; path = "Pods/Target Support Files/Pods-Kustomer/Pods-Kustomer.release.xcconfig"; sourceTree = "<group>"; };
		A8B9C7F846CD493168479E0A /* Pods-KustomerTests.release.xcconfig */ = {isa = PBXFileReference; includeInIndex = 1; lastKnownFileType = text.xcconfig; name = "Pods-KustomerTests.release.xcconfig"; path = "Pods/Target Support Files/Pods-KustomerTests/Pods-KustomerTests.release.xcconfig"; sourceTree = "<group>"; };
		D624913E5C7AD4492EF0D39B /* Pods_KustomerTests.framework */ = {isa = PBXFileReference; explicitFileType = wrapper.framework; includeInIndex = 0; path = Pods_KustomerTests.framework; sourceTree = BUILT_PRODUCTS_DIR; };
		FAEBB4868A9AF9DB8C939E87 /* Pods-KustomerTests.debug.xcconfig */ = {isa = PBXFileReference; includeInIndex = 1; lastKnownFileType = text.xcconfig; name = "Pods-KustomerTests.debug.xcconfig"; path = "Pods/Target Support Files/Pods-KustomerTests/Pods-KustomerTests.debug.xcconfig"; sourceTree = "<group>"; };
/* End PBXFileReference section */

/* Begin PBXFrameworksBuildPhase section */
		63B9CD8D1F088E8800120F3E /* Frameworks */ = {
			isa = PBXFrameworksBuildPhase;
			buildActionMask = 2147483647;
			files = (
				6D7CDE24CE12E0916484305C /* Pods_Kustomer.framework in Frameworks */,
			);
			runOnlyForDeploymentPostprocessing = 0;
		};
		63B9CD971F088E8800120F3E /* Frameworks */ = {
			isa = PBXFrameworksBuildPhase;
			buildActionMask = 2147483647;
			files = (
				63B9CD9B1F088E8800120F3E /* Kustomer.framework in Frameworks */,
				7C3913946A295179BE2E925B /* Pods_KustomerTests.framework in Frameworks */,
			);
			runOnlyForDeploymentPostprocessing = 0;
		};
		63B9CDB51F089BF000120F3E /* Frameworks */ = {
			isa = PBXFrameworksBuildPhase;
			buildActionMask = 2147483647;
			files = (
				63B9CDDE1F095AA200120F3E /* Kustomer.framework in Frameworks */,
				FC5BDC34DC026F04AE056627 /* Pods_KustomerExample.framework in Frameworks */,
			);
			runOnlyForDeploymentPostprocessing = 0;
		};
/* End PBXFrameworksBuildPhase section */

/* Begin PBXGroup section */
		6334BE251F0C3E7100258DAF /* Models */ = {
			isa = PBXGroup;
			children = (
				6334BE281F0C3E8600258DAF /* KUSModel.h */,
				6334BE291F0C3E8600258DAF /* KUSModel.m */,
				6334BE2C1F0C43BE00258DAF /* KUSTrackingToken.h */,
				6334BE2D1F0C43BE00258DAF /* KUSTrackingToken.m */,
				6334BE301F0C487300258DAF /* KUSChatSettings.h */,
				6334BE311F0C487400258DAF /* KUSChatSettings.m */,
				6334BE341F0C4A1300258DAF /* KUSChatSession.h */,
				6334BE351F0C4A1300258DAF /* KUSChatSession.m */,
				6334BE381F0C4B3D00258DAF /* KUSChatMessage.h */,
				6334BE391F0C4B3D00258DAF /* KUSChatMessage.m */,
				6334BE3C1F0C4EBE00258DAF /* KUSCustomer.h */,
				6334BE3D1F0C4EBE00258DAF /* KUSCustomer.m */,
				6334BE5E1F0C9B5100258DAF /* KUSPaginatedResponse.h */,
				6334BE5F1F0C9B5100258DAF /* KUSPaginatedResponse.m */,
			);
			path = Models;
			sourceTree = "<group>";
		};
		6334BE401F0C52C400258DAF /* API */ = {
			isa = PBXGroup;
			children = (
				6334BE431F0C52D700258DAF /* KUSAPIClient.h */,
				6334BE441F0C52D700258DAF /* KUSAPIClient.m */,
			);
			path = API;
			sourceTree = "<group>";
		};
		6334BE4F1F0C66D500258DAF /* Helpers */ = {
			isa = PBXGroup;
			children = (
				6334BE521F0C66E200258DAF /* KUSImage.h */,
				6334BE531F0C66E200258DAF /* KUSImage.m */,
			);
			path = Helpers;
			sourceTree = "<group>";
		};
		636531AB1F1C4B9700433A50 /* Images */ = {
			isa = PBXGroup;
			children = (
				636531AC1F1C4B9700433A50 /* kustomer_team_icon@2x.png */,
				636531AD1F1C4B9700433A50 /* kusty@2x.png */,
			);
			path = Images;
			sourceTree = "<group>";
		};
		63A4EDE41F0A968E00EA3852 /* Views */ = {
			isa = PBXGroup;
			children = (
				63A4EDE51F0A968E00EA3852 /* Cells */,
				62DF0B511F0AD5BC008557F5 /* KustomerInputBarView.h */,
				62DF0B521F0AD5BC008557F5 /* KustomerInputBarView.m */,
				6334BE4B1F0C600F00258DAF /* KUSAttributionToolbar.h */,
				6334BE4C1F0C600F00258DAF /* KUSAttributionToolbar.m */,
				6334BE5A1F0C783200258DAF /* KUSAvatarTitleView.h */,
				6334BE5B1F0C783200258DAF /* KUSAvatarTitleView.m */,
			);
			path = Views;
			sourceTree = "<group>";
		};
		63A4EDE51F0A968E00EA3852 /* Cells */ = {
			isa = PBXGroup;
			children = (
				63A4EDE81F0A96F000EA3852 /* KustomerSessionTableViewCell.h */,
				63A4EDE91F0A96F000EA3852 /* KustomerSessionTableViewCell.m */,
				63A4EDEC1F0AAA1500EA3852 /* KustomerPlaceholderTableViewCell.h */,
				63A4EDED1F0AAA1500EA3852 /* KustomerPlaceholderTableViewCell.m */,
				636531B01F1C593D00433A50 /* KUSChatMessageTableViewCell.h */,
				636531B11F1C593D00433A50 /* KUSChatMessageTableViewCell.m */,
			);
			path = Cells;
			sourceTree = "<group>";
		};
		63B9CD871F088E8800120F3E = {
			isa = PBXGroup;
			children = (
				63B9CDAB1F08907700120F3E /* Source */,
				63B9CD9E1F088E8800120F3E /* KustomerTests */,
				63B9CDB91F089BF000120F3E /* KustomerExample */,
				63B9CD921F088E8800120F3E /* Products */,
				E4EF66D4BDAF1A3D5F282BCE /* Pods */,
				9B56C5FD23F16FBBE4D70EFE /* Frameworks */,
			);
			sourceTree = "<group>";
		};
		63B9CD921F088E8800120F3E /* Products */ = {
			isa = PBXGroup;
			children = (
				63B9CD911F088E8800120F3E /* Kustomer.framework */,
				63B9CD9A1F088E8800120F3E /* KustomerTests.xctest */,
				63B9CDB81F089BF000120F3E /* KustomerExample.app */,
			);
			name = Products;
			sourceTree = "<group>";
		};
		63B9CD9E1F088E8800120F3E /* KustomerTests */ = {
			isa = PBXGroup;
			children = (
				63B9CD9F1F088E8800120F3E /* KustomerTests.m */,
				63B9CDA11F088E8800120F3E /* Info.plist */,
			);
			path = KustomerTests;
			sourceTree = "<group>";
		};
		63B9CDAB1F08907700120F3E /* Source */ = {
			isa = PBXGroup;
			children = (
				63B9CDAC1F08907700120F3E /* Info.plist */,
				63B9CDB01F0890B400120F3E /* Kustomer.h */,
				63A4EDD61F097D8F00EA3852 /* Kustomer_Private.h */,
				63B9CDB11F0890B400120F3E /* Kustomer.m */,
				636531A31F1BBAA100433A50 /* KustomerViewController.h */,
				636531A41F1BBAA100433A50 /* KustomerViewController.m */,
				6334BE401F0C52C400258DAF /* API */,
				6334BE4F1F0C66D500258DAF /* Helpers */,
				636531AB1F1C4B9700433A50 /* Images */,
				6334BE251F0C3E7100258DAF /* Models */,
				63B9CDE31F095E1D00120F3E /* ViewControllers */,
				63A4EDE41F0A968E00EA3852 /* Views */,
			);
			path = Source;
			sourceTree = "<group>";
		};
		63B9CDB91F089BF000120F3E /* KustomerExample */ = {
			isa = PBXGroup;
			children = (
				63B9CDBD1F089BF000120F3E /* AppDelegate.h */,
				63B9CDBE1F089BF000120F3E /* AppDelegate.m */,
				63B9CDC01F089BF000120F3E /* ViewController.h */,
				63B9CDC11F089BF000120F3E /* ViewController.m */,
				63B9CDC61F089BF000120F3E /* Assets.xcassets */,
				63B9CDC81F089BF000120F3E /* LaunchScreen.storyboard */,
				63B9CDCB1F089BF000120F3E /* Info.plist */,
				63B9CDBA1F089BF000120F3E /* Supporting Files */,
			);
			path = KustomerExample;
			sourceTree = "<group>";
		};
		63B9CDBA1F089BF000120F3E /* Supporting Files */ = {
			isa = PBXGroup;
			children = (
				63B9CDBB1F089BF000120F3E /* main.m */,
			);
			name = "Supporting Files";
			sourceTree = "<group>";
		};
		63B9CDE31F095E1D00120F3E /* ViewControllers */ = {
			isa = PBXGroup;
			children = (
				636531A71F1BBCCD00433A50 /* KUSChatViewController.h */,
				636531A81F1BBCCD00433A50 /* KUSChatViewController.m */,
				6365319F1F1BBA7C00433A50 /* KUSSessionsViewController.h */,
				636531A01F1BBA7C00433A50 /* KUSSessionsViewController.m */,
				6334BE471F0C5E3F00258DAF /* KUSNavigationController.h */,
				6334BE481F0C5E3F00258DAF /* KUSNavigationController.m */,
			);
			path = ViewControllers;
			sourceTree = "<group>";
		};
		9B56C5FD23F16FBBE4D70EFE /* Frameworks */ = {
			isa = PBXGroup;
			children = (
				4074C2A1E9213757162ED660 /* Pods_Kustomer.framework */,
				6BBA02B9E3111B375725C25D /* Pods_KustomerExample.framework */,
				D624913E5C7AD4492EF0D39B /* Pods_KustomerTests.framework */,
			);
			name = Frameworks;
			sourceTree = "<group>";
		};
		E4EF66D4BDAF1A3D5F282BCE /* Pods */ = {
			isa = PBXGroup;
			children = (
				19AB306DD5AA4895D0C92102 /* Pods-Kustomer.debug.xcconfig */,
				6F91D0EF26D550F6FA48F5E6 /* Pods-Kustomer.release.xcconfig */,
				479720192A1054576AB58BBA /* Pods-KustomerExample.debug.xcconfig */,
				448086DB570B5537AB2DFA4E /* Pods-KustomerExample.release.xcconfig */,
				FAEBB4868A9AF9DB8C939E87 /* Pods-KustomerTests.debug.xcconfig */,
				A8B9C7F846CD493168479E0A /* Pods-KustomerTests.release.xcconfig */,
			);
			name = Pods;
			sourceTree = "<group>";
		};
/* End PBXGroup section */

/* Begin PBXHeadersBuildPhase section */
		63B9CD8E1F088E8800120F3E /* Headers */ = {
			isa = PBXHeadersBuildPhase;
			buildActionMask = 2147483647;
			files = (
				6334BE451F0C52D700258DAF /* KUSAPIClient.h in Headers */,
				6334BE5C1F0C783200258DAF /* KUSAvatarTitleView.h in Headers */,
				6334BE3A1F0C4B3D00258DAF /* KUSChatMessage.h in Headers */,
				6334BE601F0C9B5100258DAF /* KUSPaginatedResponse.h in Headers */,
				636531A51F1BBAA100433A50 /* KustomerViewController.h in Headers */,
				63B9CDB21F0890B400120F3E /* Kustomer.h in Headers */,
				63A4EDEA1F0A96F000EA3852 /* KustomerSessionTableViewCell.h in Headers */,
				636531A11F1BBA7C00433A50 /* KUSSessionsViewController.h in Headers */,
				63A4EDD71F097D8F00EA3852 /* Kustomer_Private.h in Headers */,
				6334BE361F0C4A1300258DAF /* KUSChatSession.h in Headers */,
				6334BE541F0C66E200258DAF /* KUSImage.h in Headers */,
				6334BE4D1F0C600F00258DAF /* KUSAttributionToolbar.h in Headers */,
				6334BE491F0C5E3F00258DAF /* KUSNavigationController.h in Headers */,
				6334BE321F0C487400258DAF /* KUSChatSettings.h in Headers */,
				6334BE3E1F0C4EBE00258DAF /* KUSCustomer.h in Headers */,
				636531A91F1BBCCD00433A50 /* KUSChatViewController.h in Headers */,
				62DF0B531F0AD5BC008557F5 /* KustomerInputBarView.h in Headers */,
				6334BE2E1F0C43BE00258DAF /* KUSTrackingToken.h in Headers */,
				6334BE2A1F0C3E8600258DAF /* KUSModel.h in Headers */,
				63A4EDEE1F0AAA1500EA3852 /* KustomerPlaceholderTableViewCell.h in Headers */,
				636531B21F1C593D00433A50 /* KUSChatMessageTableViewCell.h in Headers */,
			);
			runOnlyForDeploymentPostprocessing = 0;
		};
/* End PBXHeadersBuildPhase section */

/* Begin PBXNativeTarget section */
		63B9CD901F088E8800120F3E /* Kustomer */ = {
			isa = PBXNativeTarget;
			buildConfigurationList = 63B9CDA51F088E8800120F3E /* Build configuration list for PBXNativeTarget "Kustomer" */;
			buildPhases = (
				A92203A7471A7BC14D889C8F /* [CP] Check Pods Manifest.lock */,
				63B9CD8C1F088E8800120F3E /* Sources */,
				63B9CD8D1F088E8800120F3E /* Frameworks */,
				63B9CD8E1F088E8800120F3E /* Headers */,
				63B9CD8F1F088E8800120F3E /* Resources */,
				2DC7F31D8E13476863A9B7EB /* [CP] Copy Pods Resources */,
			);
			buildRules = (
			);
			dependencies = (
			);
			name = Kustomer;
			productName = Kustomer;
			productReference = 63B9CD911F088E8800120F3E /* Kustomer.framework */;
			productType = "com.apple.product-type.framework";
		};
		63B9CD991F088E8800120F3E /* KustomerTests */ = {
			isa = PBXNativeTarget;
			buildConfigurationList = 63B9CDA81F088E8800120F3E /* Build configuration list for PBXNativeTarget "KustomerTests" */;
			buildPhases = (
				6C8972964DB14541A1A52903 /* [CP] Check Pods Manifest.lock */,
				63B9CD961F088E8800120F3E /* Sources */,
				63B9CD971F088E8800120F3E /* Frameworks */,
				63B9CD981F088E8800120F3E /* Resources */,
				8A8C63B0A37684977FB8C44B /* [CP] Embed Pods Frameworks */,
				1C9685C0A02474E7250303A8 /* [CP] Copy Pods Resources */,
			);
			buildRules = (
			);
			dependencies = (
				63B9CD9D1F088E8800120F3E /* PBXTargetDependency */,
			);
			name = KustomerTests;
			productName = KustomerTests;
			productReference = 63B9CD9A1F088E8800120F3E /* KustomerTests.xctest */;
			productType = "com.apple.product-type.bundle.unit-test";
		};
		63B9CDB71F089BF000120F3E /* KustomerExample */ = {
			isa = PBXNativeTarget;
			buildConfigurationList = 63B9CDCE1F089BF000120F3E /* Build configuration list for PBXNativeTarget "KustomerExample" */;
			buildPhases = (
				7EFAB52A05029F56315F77F8 /* [CP] Check Pods Manifest.lock */,
				63B9CDB41F089BF000120F3E /* Sources */,
				63B9CDB51F089BF000120F3E /* Frameworks */,
				63B9CDB61F089BF000120F3E /* Resources */,
				63B9CDE21F095AA200120F3E /* Embed Frameworks */,
				A847877DCF532CA33AEC7571 /* [CP] Embed Pods Frameworks */,
				F2860007970B2D1AFA26F4B7 /* [CP] Copy Pods Resources */,
			);
			buildRules = (
			);
			dependencies = (
				63B9CDE11F095AA200120F3E /* PBXTargetDependency */,
			);
			name = KustomerExample;
			productName = KustomerExample;
			productReference = 63B9CDB81F089BF000120F3E /* KustomerExample.app */;
			productType = "com.apple.product-type.application";
		};
/* End PBXNativeTarget section */

/* Begin PBXProject section */
		63B9CD881F088E8800120F3E /* Project object */ = {
			isa = PBXProject;
			attributes = {
				LastUpgradeCheck = 0820;
				ORGANIZATIONNAME = Kustomer;
				TargetAttributes = {
					63B9CD901F088E8800120F3E = {
						CreatedOnToolsVersion = 8.2.1;
						DevelopmentTeam = 4LAX75HPEJ;
						ProvisioningStyle = Automatic;
					};
					63B9CD991F088E8800120F3E = {
						CreatedOnToolsVersion = 8.2.1;
						DevelopmentTeam = 4LAX75HPEJ;
						ProvisioningStyle = Automatic;
					};
					63B9CDB71F089BF000120F3E = {
						CreatedOnToolsVersion = 8.2.1;
						DevelopmentTeam = 4LAX75HPEJ;
						ProvisioningStyle = Automatic;
					};
				};
			};
			buildConfigurationList = 63B9CD8B1F088E8800120F3E /* Build configuration list for PBXProject "Kustomer" */;
			compatibilityVersion = "Xcode 3.2";
			developmentRegion = English;
			hasScannedForEncodings = 0;
			knownRegions = (
				en,
				Base,
			);
			mainGroup = 63B9CD871F088E8800120F3E;
			productRefGroup = 63B9CD921F088E8800120F3E /* Products */;
			projectDirPath = "";
			projectRoot = "";
			targets = (
				63B9CD901F088E8800120F3E /* Kustomer */,
				63B9CD991F088E8800120F3E /* KustomerTests */,
				63B9CDB71F089BF000120F3E /* KustomerExample */,
			);
		};
/* End PBXProject section */

/* Begin PBXResourcesBuildPhase section */
		63B9CD8F1F088E8800120F3E /* Resources */ = {
			isa = PBXResourcesBuildPhase;
			buildActionMask = 2147483647;
			files = (
				636531AE1F1C4B9700433A50 /* kustomer_team_icon@2x.png in Resources */,
				636531AF1F1C4B9700433A50 /* kusty@2x.png in Resources */,
			);
			runOnlyForDeploymentPostprocessing = 0;
		};
		63B9CD981F088E8800120F3E /* Resources */ = {
			isa = PBXResourcesBuildPhase;
			buildActionMask = 2147483647;
			files = (
			);
			runOnlyForDeploymentPostprocessing = 0;
		};
		63B9CDB61F089BF000120F3E /* Resources */ = {
			isa = PBXResourcesBuildPhase;
			buildActionMask = 2147483647;
			files = (
				63B9CDCA1F089BF000120F3E /* LaunchScreen.storyboard in Resources */,
				63B9CDC71F089BF000120F3E /* Assets.xcassets in Resources */,
			);
			runOnlyForDeploymentPostprocessing = 0;
		};
/* End PBXResourcesBuildPhase section */

/* Begin PBXShellScriptBuildPhase section */
		1C9685C0A02474E7250303A8 /* [CP] Copy Pods Resources */ = {
			isa = PBXShellScriptBuildPhase;
			buildActionMask = 2147483647;
			files = (
			);
			inputPaths = (
			);
			name = "[CP] Copy Pods Resources";
			outputPaths = (
			);
			runOnlyForDeploymentPostprocessing = 0;
			shellPath = /bin/sh;
			shellScript = "\"${SRCROOT}/Pods/Target Support Files/Pods-KustomerTests/Pods-KustomerTests-resources.sh\"\n";
			showEnvVarsInLog = 0;
		};
		2DC7F31D8E13476863A9B7EB /* [CP] Copy Pods Resources */ = {
			isa = PBXShellScriptBuildPhase;
			buildActionMask = 2147483647;
			files = (
			);
			inputPaths = (
			);
			name = "[CP] Copy Pods Resources";
			outputPaths = (
			);
			runOnlyForDeploymentPostprocessing = 0;
			shellPath = /bin/sh;
			shellScript = "\"${SRCROOT}/Pods/Target Support Files/Pods-Kustomer/Pods-Kustomer-resources.sh\"\n";
			showEnvVarsInLog = 0;
		};
		6C8972964DB14541A1A52903 /* [CP] Check Pods Manifest.lock */ = {
			isa = PBXShellScriptBuildPhase;
			buildActionMask = 2147483647;
			files = (
			);
			inputPaths = (
			);
			name = "[CP] Check Pods Manifest.lock";
			outputPaths = (
			);
			runOnlyForDeploymentPostprocessing = 0;
			shellPath = /bin/sh;
			shellScript = "diff \"${PODS_PODFILE_DIR_PATH}/Podfile.lock\" \"${PODS_ROOT}/Manifest.lock\" > /dev/null\nif [ $? != 0 ] ; then\n    # print error to STDERR\n    echo \"error: The sandbox is not in sync with the Podfile.lock. Run 'pod install' or update your CocoaPods installation.\" >&2\n    exit 1\nfi\n";
			showEnvVarsInLog = 0;
		};
		7EFAB52A05029F56315F77F8 /* [CP] Check Pods Manifest.lock */ = {
			isa = PBXShellScriptBuildPhase;
			buildActionMask = 2147483647;
			files = (
			);
			inputPaths = (
			);
			name = "[CP] Check Pods Manifest.lock";
			outputPaths = (
			);
			runOnlyForDeploymentPostprocessing = 0;
			shellPath = /bin/sh;
			shellScript = "diff \"${PODS_PODFILE_DIR_PATH}/Podfile.lock\" \"${PODS_ROOT}/Manifest.lock\" > /dev/null\nif [ $? != 0 ] ; then\n    # print error to STDERR\n    echo \"error: The sandbox is not in sync with the Podfile.lock. Run 'pod install' or update your CocoaPods installation.\" >&2\n    exit 1\nfi\n";
			showEnvVarsInLog = 0;
		};
		8A8C63B0A37684977FB8C44B /* [CP] Embed Pods Frameworks */ = {
			isa = PBXShellScriptBuildPhase;
			buildActionMask = 2147483647;
			files = (
			);
			inputPaths = (
			);
			name = "[CP] Embed Pods Frameworks";
			outputPaths = (
			);
			runOnlyForDeploymentPostprocessing = 0;
			shellPath = /bin/sh;
			shellScript = "\"${SRCROOT}/Pods/Target Support Files/Pods-KustomerTests/Pods-KustomerTests-frameworks.sh\"\n";
			showEnvVarsInLog = 0;
		};
		A847877DCF532CA33AEC7571 /* [CP] Embed Pods Frameworks */ = {
			isa = PBXShellScriptBuildPhase;
			buildActionMask = 2147483647;
			files = (
			);
			inputPaths = (
			);
			name = "[CP] Embed Pods Frameworks";
			outputPaths = (
			);
			runOnlyForDeploymentPostprocessing = 0;
			shellPath = /bin/sh;
			shellScript = "\"${SRCROOT}/Pods/Target Support Files/Pods-KustomerExample/Pods-KustomerExample-frameworks.sh\"\n";
			showEnvVarsInLog = 0;
		};
		A92203A7471A7BC14D889C8F /* [CP] Check Pods Manifest.lock */ = {
			isa = PBXShellScriptBuildPhase;
			buildActionMask = 2147483647;
			files = (
			);
			inputPaths = (
			);
			name = "[CP] Check Pods Manifest.lock";
			outputPaths = (
			);
			runOnlyForDeploymentPostprocessing = 0;
			shellPath = /bin/sh;
			shellScript = "diff \"${PODS_PODFILE_DIR_PATH}/Podfile.lock\" \"${PODS_ROOT}/Manifest.lock\" > /dev/null\nif [ $? != 0 ] ; then\n    # print error to STDERR\n    echo \"error: The sandbox is not in sync with the Podfile.lock. Run 'pod install' or update your CocoaPods installation.\" >&2\n    exit 1\nfi\n";
			showEnvVarsInLog = 0;
		};
		F2860007970B2D1AFA26F4B7 /* [CP] Copy Pods Resources */ = {
			isa = PBXShellScriptBuildPhase;
			buildActionMask = 2147483647;
			files = (
			);
			inputPaths = (
			);
			name = "[CP] Copy Pods Resources";
			outputPaths = (
			);
			runOnlyForDeploymentPostprocessing = 0;
			shellPath = /bin/sh;
			shellScript = "\"${SRCROOT}/Pods/Target Support Files/Pods-KustomerExample/Pods-KustomerExample-resources.sh\"\n";
			showEnvVarsInLog = 0;
		};
/* End PBXShellScriptBuildPhase section */

/* Begin PBXSourcesBuildPhase section */
		63B9CD8C1F088E8800120F3E /* Sources */ = {
			isa = PBXSourcesBuildPhase;
			buildActionMask = 2147483647;
			files = (
				63B9CDB31F0890B400120F3E /* Kustomer.m in Sources */,
				6334BE2B1F0C3E8600258DAF /* KUSModel.m in Sources */,
				63A4EDEF1F0AAA1500EA3852 /* KustomerPlaceholderTableViewCell.m in Sources */,
				6334BE4A1F0C5E3F00258DAF /* KUSNavigationController.m in Sources */,
				636531A21F1BBA7C00433A50 /* KUSSessionsViewController.m in Sources */,
				6334BE3F1F0C4EBE00258DAF /* KUSCustomer.m in Sources */,
				62DF0B541F0AD5BC008557F5 /* KustomerInputBarView.m in Sources */,
				6334BE611F0C9B5100258DAF /* KUSPaginatedResponse.m in Sources */,
				63A4EDEB1F0A96F000EA3852 /* KustomerSessionTableViewCell.m in Sources */,
				6334BE331F0C487400258DAF /* KUSChatSettings.m in Sources */,
				6334BE4E1F0C600F00258DAF /* KUSAttributionToolbar.m in Sources */,
				636531A61F1BBAA100433A50 /* KustomerViewController.m in Sources */,
				6334BE551F0C66E200258DAF /* KUSImage.m in Sources */,
				6334BE5D1F0C783200258DAF /* KUSAvatarTitleView.m in Sources */,
				6334BE2F1F0C43BE00258DAF /* KUSTrackingToken.m in Sources */,
				636531B31F1C593D00433A50 /* KUSChatMessageTableViewCell.m in Sources */,
				636531AA1F1BBCCD00433A50 /* KUSChatViewController.m in Sources */,
				6334BE371F0C4A1300258DAF /* KUSChatSession.m in Sources */,
				6334BE3B1F0C4B3D00258DAF /* KUSChatMessage.m in Sources */,
				6334BE461F0C52D700258DAF /* KUSAPIClient.m in Sources */,
			);
			runOnlyForDeploymentPostprocessing = 0;
		};
		63B9CD961F088E8800120F3E /* Sources */ = {
			isa = PBXSourcesBuildPhase;
			buildActionMask = 2147483647;
			files = (
				63B9CDA01F088E8800120F3E /* KustomerTests.m in Sources */,
			);
			runOnlyForDeploymentPostprocessing = 0;
		};
		63B9CDB41F089BF000120F3E /* Sources */ = {
			isa = PBXSourcesBuildPhase;
			buildActionMask = 2147483647;
			files = (
				63B9CDC21F089BF000120F3E /* ViewController.m in Sources */,
				63B9CDBF1F089BF000120F3E /* AppDelegate.m in Sources */,
				63B9CDBC1F089BF000120F3E /* main.m in Sources */,
			);
			runOnlyForDeploymentPostprocessing = 0;
		};
/* End PBXSourcesBuildPhase section */

/* Begin PBXTargetDependency section */
		63B9CD9D1F088E8800120F3E /* PBXTargetDependency */ = {
			isa = PBXTargetDependency;
			target = 63B9CD901F088E8800120F3E /* Kustomer */;
			targetProxy = 63B9CD9C1F088E8800120F3E /* PBXContainerItemProxy */;
		};
		63B9CDE11F095AA200120F3E /* PBXTargetDependency */ = {
			isa = PBXTargetDependency;
			target = 63B9CD901F088E8800120F3E /* Kustomer */;
			targetProxy = 63B9CDE01F095AA200120F3E /* PBXContainerItemProxy */;
		};
/* End PBXTargetDependency section */

/* Begin PBXVariantGroup section */
		63B9CDC81F089BF000120F3E /* LaunchScreen.storyboard */ = {
			isa = PBXVariantGroup;
			children = (
				63B9CDC91F089BF000120F3E /* Base */,
			);
			name = LaunchScreen.storyboard;
			sourceTree = "<group>";
		};
/* End PBXVariantGroup section */

/* Begin XCBuildConfiguration section */
		63B9CDA31F088E8800120F3E /* Debug */ = {
			isa = XCBuildConfiguration;
			buildSettings = {
				ALWAYS_SEARCH_USER_PATHS = NO;
				CLANG_ANALYZER_NONNULL = YES;
				CLANG_CXX_LANGUAGE_STANDARD = "gnu++0x";
				CLANG_CXX_LIBRARY = "libc++";
				CLANG_ENABLE_MODULES = YES;
				CLANG_ENABLE_OBJC_ARC = YES;
				CLANG_WARN_BOOL_CONVERSION = YES;
				CLANG_WARN_CONSTANT_CONVERSION = YES;
				CLANG_WARN_DIRECT_OBJC_ISA_USAGE = YES_ERROR;
				CLANG_WARN_DOCUMENTATION_COMMENTS = YES;
				CLANG_WARN_EMPTY_BODY = YES;
				CLANG_WARN_ENUM_CONVERSION = YES;
				CLANG_WARN_INFINITE_RECURSION = YES;
				CLANG_WARN_INT_CONVERSION = YES;
				CLANG_WARN_OBJC_ROOT_CLASS = YES_ERROR;
				CLANG_WARN_SUSPICIOUS_MOVE = YES;
				CLANG_WARN_UNREACHABLE_CODE = YES;
				CLANG_WARN__DUPLICATE_METHOD_MATCH = YES;
				"CODE_SIGN_IDENTITY[sdk=iphoneos*]" = "iPhone Developer";
				COPY_PHASE_STRIP = NO;
				CURRENT_PROJECT_VERSION = 1;
				DEBUG_INFORMATION_FORMAT = dwarf;
				ENABLE_STRICT_OBJC_MSGSEND = YES;
				ENABLE_TESTABILITY = YES;
				GCC_C_LANGUAGE_STANDARD = gnu99;
				GCC_DYNAMIC_NO_PIC = NO;
				GCC_NO_COMMON_BLOCKS = YES;
				GCC_OPTIMIZATION_LEVEL = 0;
				GCC_PREPROCESSOR_DEFINITIONS = (
					"DEBUG=1",
					"$(inherited)",
				);
				GCC_WARN_64_TO_32_BIT_CONVERSION = YES;
				GCC_WARN_ABOUT_RETURN_TYPE = YES_ERROR;
				GCC_WARN_UNDECLARED_SELECTOR = YES;
				GCC_WARN_UNINITIALIZED_AUTOS = YES_AGGRESSIVE;
				GCC_WARN_UNUSED_FUNCTION = YES;
				GCC_WARN_UNUSED_VARIABLE = YES;
				IPHONEOS_DEPLOYMENT_TARGET = 9.0;
				MTL_ENABLE_DEBUG_INFO = YES;
				ONLY_ACTIVE_ARCH = YES;
				SDKROOT = iphoneos;
				TARGETED_DEVICE_FAMILY = "1,2";
				VERSIONING_SYSTEM = "apple-generic";
				VERSION_INFO_PREFIX = "";
			};
			name = Debug;
		};
		63B9CDA41F088E8800120F3E /* Release */ = {
			isa = XCBuildConfiguration;
			buildSettings = {
				ALWAYS_SEARCH_USER_PATHS = NO;
				CLANG_ANALYZER_NONNULL = YES;
				CLANG_CXX_LANGUAGE_STANDARD = "gnu++0x";
				CLANG_CXX_LIBRARY = "libc++";
				CLANG_ENABLE_MODULES = YES;
				CLANG_ENABLE_OBJC_ARC = YES;
				CLANG_WARN_BOOL_CONVERSION = YES;
				CLANG_WARN_CONSTANT_CONVERSION = YES;
				CLANG_WARN_DIRECT_OBJC_ISA_USAGE = YES_ERROR;
				CLANG_WARN_DOCUMENTATION_COMMENTS = YES;
				CLANG_WARN_EMPTY_BODY = YES;
				CLANG_WARN_ENUM_CONVERSION = YES;
				CLANG_WARN_INFINITE_RECURSION = YES;
				CLANG_WARN_INT_CONVERSION = YES;
				CLANG_WARN_OBJC_ROOT_CLASS = YES_ERROR;
				CLANG_WARN_SUSPICIOUS_MOVE = YES;
				CLANG_WARN_UNREACHABLE_CODE = YES;
				CLANG_WARN__DUPLICATE_METHOD_MATCH = YES;
				"CODE_SIGN_IDENTITY[sdk=iphoneos*]" = "iPhone Developer";
				COPY_PHASE_STRIP = NO;
				CURRENT_PROJECT_VERSION = 1;
				DEBUG_INFORMATION_FORMAT = "dwarf-with-dsym";
				ENABLE_NS_ASSERTIONS = NO;
				ENABLE_STRICT_OBJC_MSGSEND = YES;
				GCC_C_LANGUAGE_STANDARD = gnu99;
				GCC_NO_COMMON_BLOCKS = YES;
				GCC_WARN_64_TO_32_BIT_CONVERSION = YES;
				GCC_WARN_ABOUT_RETURN_TYPE = YES_ERROR;
				GCC_WARN_UNDECLARED_SELECTOR = YES;
				GCC_WARN_UNINITIALIZED_AUTOS = YES_AGGRESSIVE;
				GCC_WARN_UNUSED_FUNCTION = YES;
				GCC_WARN_UNUSED_VARIABLE = YES;
				IPHONEOS_DEPLOYMENT_TARGET = 9.0;
				MTL_ENABLE_DEBUG_INFO = NO;
				SDKROOT = iphoneos;
				TARGETED_DEVICE_FAMILY = "1,2";
				VALIDATE_PRODUCT = YES;
				VERSIONING_SYSTEM = "apple-generic";
				VERSION_INFO_PREFIX = "";
			};
			name = Release;
		};
		63B9CDA61F088E8800120F3E /* Debug */ = {
			isa = XCBuildConfiguration;
			baseConfigurationReference = 19AB306DD5AA4895D0C92102 /* Pods-Kustomer.debug.xcconfig */;
			buildSettings = {
				CODE_SIGN_IDENTITY = "";
				DEFINES_MODULE = YES;
				DEVELOPMENT_TEAM = 4LAX75HPEJ;
				DYLIB_COMPATIBILITY_VERSION = 1;
				DYLIB_CURRENT_VERSION = 1;
				DYLIB_INSTALL_NAME_BASE = "@rpath";
				INFOPLIST_FILE = Source/Info.plist;
				INSTALL_PATH = "$(LOCAL_LIBRARY_DIR)/Frameworks";
				LD_RUNPATH_SEARCH_PATHS = "$(inherited) @executable_path/Frameworks @loader_path/Frameworks";
				PRODUCT_BUNDLE_IDENTIFIER = com.kustomer.Kustomer;
				PRODUCT_NAME = "$(TARGET_NAME)";
				SKIP_INSTALL = YES;
				TARGETED_DEVICE_FAMILY = 1;
			};
			name = Debug;
		};
		63B9CDA71F088E8800120F3E /* Release */ = {
			isa = XCBuildConfiguration;
			baseConfigurationReference = 6F91D0EF26D550F6FA48F5E6 /* Pods-Kustomer.release.xcconfig */;
			buildSettings = {
				CODE_SIGN_IDENTITY = "";
				DEFINES_MODULE = YES;
				DEVELOPMENT_TEAM = 4LAX75HPEJ;
				DYLIB_COMPATIBILITY_VERSION = 1;
				DYLIB_CURRENT_VERSION = 1;
				DYLIB_INSTALL_NAME_BASE = "@rpath";
				INFOPLIST_FILE = Source/Info.plist;
				INSTALL_PATH = "$(LOCAL_LIBRARY_DIR)/Frameworks";
				LD_RUNPATH_SEARCH_PATHS = "$(inherited) @executable_path/Frameworks @loader_path/Frameworks";
				PRODUCT_BUNDLE_IDENTIFIER = com.kustomer.Kustomer;
				PRODUCT_NAME = "$(TARGET_NAME)";
				SKIP_INSTALL = YES;
				TARGETED_DEVICE_FAMILY = 1;
			};
			name = Release;
		};
		63B9CDA91F088E8800120F3E /* Debug */ = {
			isa = XCBuildConfiguration;
			baseConfigurationReference = FAEBB4868A9AF9DB8C939E87 /* Pods-KustomerTests.debug.xcconfig */;
			buildSettings = {
				DEVELOPMENT_TEAM = 4LAX75HPEJ;
				INFOPLIST_FILE = KustomerTests/Info.plist;
				LD_RUNPATH_SEARCH_PATHS = "$(inherited) @executable_path/Frameworks @loader_path/Frameworks";
				PRODUCT_BUNDLE_IDENTIFIER = com.kustomer.KustomerTests;
				PRODUCT_NAME = "$(TARGET_NAME)";
			};
			name = Debug;
		};
		63B9CDAA1F088E8800120F3E /* Release */ = {
			isa = XCBuildConfiguration;
			baseConfigurationReference = A8B9C7F846CD493168479E0A /* Pods-KustomerTests.release.xcconfig */;
			buildSettings = {
				DEVELOPMENT_TEAM = 4LAX75HPEJ;
				INFOPLIST_FILE = KustomerTests/Info.plist;
				LD_RUNPATH_SEARCH_PATHS = "$(inherited) @executable_path/Frameworks @loader_path/Frameworks";
				PRODUCT_BUNDLE_IDENTIFIER = com.kustomer.KustomerTests;
				PRODUCT_NAME = "$(TARGET_NAME)";
			};
			name = Release;
		};
		63B9CDCC1F089BF000120F3E /* Debug */ = {
			isa = XCBuildConfiguration;
			baseConfigurationReference = 479720192A1054576AB58BBA /* Pods-KustomerExample.debug.xcconfig */;
			buildSettings = {
				ASSETCATALOG_COMPILER_APPICON_NAME = AppIcon;
				DEVELOPMENT_TEAM = 4LAX75HPEJ;
				INFOPLIST_FILE = KustomerExample/Info.plist;
				IPHONEOS_DEPLOYMENT_TARGET = 9.0;
				LD_RUNPATH_SEARCH_PATHS = "$(inherited) @executable_path/Frameworks";
				PRODUCT_BUNDLE_IDENTIFIER = com.kustomer.KustomerExample;
				PRODUCT_NAME = "$(TARGET_NAME)";
				TARGETED_DEVICE_FAMILY = 1;
			};
			name = Debug;
		};
		63B9CDCD1F089BF000120F3E /* Release */ = {
			isa = XCBuildConfiguration;
			baseConfigurationReference = 448086DB570B5537AB2DFA4E /* Pods-KustomerExample.release.xcconfig */;
			buildSettings = {
				ASSETCATALOG_COMPILER_APPICON_NAME = AppIcon;
				DEVELOPMENT_TEAM = 4LAX75HPEJ;
				INFOPLIST_FILE = KustomerExample/Info.plist;
				IPHONEOS_DEPLOYMENT_TARGET = 9.0;
				LD_RUNPATH_SEARCH_PATHS = "$(inherited) @executable_path/Frameworks";
				PRODUCT_BUNDLE_IDENTIFIER = com.kustomer.KustomerExample;
				PRODUCT_NAME = "$(TARGET_NAME)";
				TARGETED_DEVICE_FAMILY = 1;
			};
			name = Release;
		};
/* End XCBuildConfiguration section */

/* Begin XCConfigurationList section */
		63B9CD8B1F088E8800120F3E /* Build configuration list for PBXProject "Kustomer" */ = {
			isa = XCConfigurationList;
			buildConfigurations = (
				63B9CDA31F088E8800120F3E /* Debug */,
				63B9CDA41F088E8800120F3E /* Release */,
			);
			defaultConfigurationIsVisible = 0;
			defaultConfigurationName = Release;
		};
		63B9CDA51F088E8800120F3E /* Build configuration list for PBXNativeTarget "Kustomer" */ = {
			isa = XCConfigurationList;
			buildConfigurations = (
				63B9CDA61F088E8800120F3E /* Debug */,
				63B9CDA71F088E8800120F3E /* Release */,
			);
			defaultConfigurationIsVisible = 0;
			defaultConfigurationName = Release;
		};
		63B9CDA81F088E8800120F3E /* Build configuration list for PBXNativeTarget "KustomerTests" */ = {
			isa = XCConfigurationList;
			buildConfigurations = (
				63B9CDA91F088E8800120F3E /* Debug */,
				63B9CDAA1F088E8800120F3E /* Release */,
			);
			defaultConfigurationIsVisible = 0;
			defaultConfigurationName = Release;
		};
		63B9CDCE1F089BF000120F3E /* Build configuration list for PBXNativeTarget "KustomerExample" */ = {
			isa = XCConfigurationList;
			buildConfigurations = (
				63B9CDCC1F089BF000120F3E /* Debug */,
				63B9CDCD1F089BF000120F3E /* Release */,
			);
			defaultConfigurationIsVisible = 0;
			defaultConfigurationName = Release;
		};
/* End XCConfigurationList section */
	};
	rootObject = 63B9CD881F088E8800120F3E /* Project object */;
}
